
Microsoft Visual Studio Solution File, Format Version 12.00
# Visual Studio 15
VisualStudioVersion = 15.0.27004.2009
MinimumVisualStudioVersion = 10.0.40219.1
Project("{FAE04EC0-301F-11D3-BF4B-00C04F79EFBC}") = "Lapoor_Restaurant", "Lapoor_Restaurant\Lapoor_Restaurant.csproj", "{E7883D86-AF14-456A-99AA-09E42BCC48E2}"
EndProject
Project("{FAE04EC0-301F-11D3-BF4B-00C04F79EFBC}") = "BLL", "Lapoor_Restaurant.Domain\BLL.csproj", "{8F2314D9-4A2A-4B9F-9DAB-5C631E80CF5A}"
EndProject
Global
	GlobalSection(SolutionConfigurationPlatforms) = preSolution
		Debug|Any CPU = Debug|Any CPU
		Release|Any CPU = Release|Any CPU
	EndGlobalSection
	GlobalSection(ProjectConfigurationPlatforms) = postSolution
		{E7883D86-AF14-456A-99AA-09E42BCC48E2}.Debug|Any CPU.ActiveCfg = Debug|Any CPU
		{E7883D86-AF14-456A-99AA-09E42BCC48E2}.Debug|Any CPU.Build.0 = Debug|Any CPU
		{E7883D86-AF14-456A-99AA-09E42BCC48E2}.Release|Any CPU.ActiveCfg = Release|Any CPU
		{E7883D86-AF14-456A-99AA-09E42BCC48E2}.Release|Any CPU.Build.0 = Release|Any CPU
		{8F2314D9-4A2A-4B9F-9DAB-5C631E80CF5A}.Debug|Any CPU.ActiveCfg = Debug|Any CPU
		{8F2314D9-4A2A-4B9F-9DAB-5C631E80CF5A}.Debug|Any CPU.Build.0 = Debug|Any CPU
		{8F2314D9-4A2A-4B9F-9DAB-5C631E80CF5A}.Release|Any CPU.ActiveCfg = Release|Any CPU
		{8F2314D9-4A2A-4B9F-9DAB-5C631E80CF5A}.Release|Any CPU.Build.0 = Release|Any CPU
	EndGlobalSection
	GlobalSection(SolutionProperties) = preSolution
		HideSolutionNode = FALSE
	EndGlobalSection
	GlobalSection(ExtensibilityGlobals) = postSolution
		SolutionGuid = {02764F91-4BEF-4A55-B8CA-17783913C20B}
	EndGlobalSection
EndGlobal
